
Microsoft Visual Studio Solution File, Format Version 12.00
# Visual Studio 15
VisualStudioVersion = 15.0.27428.1
MinimumVisualStudioVersion = 10.0.40219.1
Project("{FAE04EC0-301F-11D3-BF4B-00C04F79EFBC}") = "ExtensionsLibrary", "ExtensionsLibrary\ExtensionsLibrary.csproj", "{3A5F794C-DCF4-47B4-AB28-4385E2994ABE}"
EndProject
Project("{FAE04EC0-301F-11D3-BF4B-00C04F79EFBC}") = "FormControlsLibrary", "FormControlsLibrary\FormControlsLibrary.csproj", "{97F65455-F8A2-44E6-956A-AEF8DE945885}"
EndProject
Project("{FAE04EC0-301F-11D3-BF4B-00C04F79EFBC}") = "DataExtensionsExamples", "DataExtensionsExamples\DataExtensionsExamples.csproj", "{E4EA313E-74CD-44CA-A474-DD7B73604E0D}"
EndProject
Project("{2150E333-8FDC-42A3-9474-1A3956D46DE8}") = "Libraries", "Libraries", "{1E802562-95AE-4732-B6D8-3D68C8800B88}"
EndProject
Project("{2150E333-8FDC-42A3-9474-1A3956D46DE8}") = "Examples", "Examples", "{AA9BD6AE-C736-41D4-8E2F-7E810871508D}"
EndProject
Project("{FAE04EC0-301F-11D3-BF4B-00C04F79EFBC}") = "BaseLibrary", "BaseLibrary\BaseLibrary.csproj", "{D3C9354E-2774-4B1B-8657-D76D74621CCE}"
EndProject
Project("{FAE04EC0-301F-11D3-BF4B-00C04F79EFBC}") = "GenericExtensionsExamples", "GenericExtensionsExamples\GenericExtensionsExamples.csproj", "{1A5A85F9-8C29-4487-B36A-AAE3B4066E49}"
EndProject
Project("{FAE04EC0-301F-11D3-BF4B-00C04F79EFBC}") = "ControlExtensionsExamples", "ControlExtensionsExamples\ControlExtensionsExamples.csproj", "{A2E4E9C9-73C8-46B1-AF12-DA86732F22F9}"
EndProject
Project("{2150E333-8FDC-42A3-9474-1A3956D46DE8}") = "UnitTest", "UnitTest", "{D907A49E-85B0-4CAC-B814-A6225B5A37CE}"
EndProject
Project("{FAE04EC0-301F-11D3-BF4B-00C04F79EFBC}") = "CommonTest", "CommonTest\CommonTest.csproj", "{6C0EF3EB-1C48-442C-8A5D-1577DA3601C5}"
EndProject
Project("{2150E333-8FDC-42A3-9474-1A3956D46DE8}") = "Solution Items", "Solution Items", "{93CD12FF-C6A3-4EC6-A9F4-526DF9AB2ED0}"
	ProjectSection(SolutionItems) = preProject
		CreateDatabase.sql = CreateDatabase.sql
		DataScript.sql = DataScript.sql
		Readme.md = Readme.md
	EndProjectSection
EndProject
Project("{7CF6DF6D-3B04-46F8-A40B-537D21BCA0B4}") = "ExtensionsDocumentation", "ExtensionsDocumentation\ExtensionsDocumentation.shfbproj", "{7BE3F6FE-3764-4E4E-B005-85403B3BD8FC}"
EndProject
Project("{2150E333-8FDC-42A3-9474-1A3956D46DE8}") = "HelpDocumentation", "HelpDocumentation", "{D727C196-6F4D-4C26-8CC2-6E856CD413AB}"
EndProject
Project("{F184B08F-C81C-45F6-A57F-5ABD9991F28F}") = "ConsoleAppVisualBasic", "ConsoleAppVisualBasic\ConsoleAppVisualBasic.vbproj", "{ED20CD4A-2B43-4E74-B2F4-98F55620BB42}"
EndProject
Project("{FAE04EC0-301F-11D3-BF4B-00C04F79EFBC}") = "ConsoleAppCSharp", "ConsoleAppCSharp\ConsoleAppCSharp.csproj", "{AE9632AF-36B5-45C1-A045-C49DBB1407D8}"
EndProject
Global
	GlobalSection(SolutionConfigurationPlatforms) = preSolution
		Debug|Any CPU = Debug|Any CPU
		Release|Any CPU = Release|Any CPU
	EndGlobalSection
	GlobalSection(ProjectConfigurationPlatforms) = postSolution
		{3A5F794C-DCF4-47B4-AB28-4385E2994ABE}.Debug|Any CPU.ActiveCfg = Debug|Any CPU
		{3A5F794C-DCF4-47B4-AB28-4385E2994ABE}.Debug|Any CPU.Build.0 = Debug|Any CPU
		{3A5F794C-DCF4-47B4-AB28-4385E2994ABE}.Release|Any CPU.ActiveCfg = Release|Any CPU
		{3A5F794C-DCF4-47B4-AB28-4385E2994ABE}.Release|Any CPU.Build.0 = Release|Any CPU
		{97F65455-F8A2-44E6-956A-AEF8DE945885}.Debug|Any CPU.ActiveCfg = Debug|Any CPU
		{97F65455-F8A2-44E6-956A-AEF8DE945885}.Debug|Any CPU.Build.0 = Debug|Any CPU
		{97F65455-F8A2-44E6-956A-AEF8DE945885}.Release|Any CPU.ActiveCfg = Release|Any CPU
		{97F65455-F8A2-44E6-956A-AEF8DE945885}.Release|Any CPU.Build.0 = Release|Any CPU
		{E4EA313E-74CD-44CA-A474-DD7B73604E0D}.Debug|Any CPU.ActiveCfg = Debug|Any CPU
		{E4EA313E-74CD-44CA-A474-DD7B73604E0D}.Debug|Any CPU.Build.0 = Debug|Any CPU
		{E4EA313E-74CD-44CA-A474-DD7B73604E0D}.Release|Any CPU.ActiveCfg = Release|Any CPU
		{E4EA313E-74CD-44CA-A474-DD7B73604E0D}.Release|Any CPU.Build.0 = Release|Any CPU
		{D3C9354E-2774-4B1B-8657-D76D74621CCE}.Debug|Any CPU.ActiveCfg = Debug|Any CPU
		{D3C9354E-2774-4B1B-8657-D76D74621CCE}.Debug|Any CPU.Build.0 = Debug|Any CPU
		{D3C9354E-2774-4B1B-8657-D76D74621CCE}.Release|Any CPU.ActiveCfg = Release|Any CPU
		{D3C9354E-2774-4B1B-8657-D76D74621CCE}.Release|Any CPU.Build.0 = Release|Any CPU
		{1A5A85F9-8C29-4487-B36A-AAE3B4066E49}.Debug|Any CPU.ActiveCfg = Debug|Any CPU
		{1A5A85F9-8C29-4487-B36A-AAE3B4066E49}.Debug|Any CPU.Build.0 = Debug|Any CPU
		{1A5A85F9-8C29-4487-B36A-AAE3B4066E49}.Release|Any CPU.ActiveCfg = Release|Any CPU
		{1A5A85F9-8C29-4487-B36A-AAE3B4066E49}.Release|Any CPU.Build.0 = Release|Any CPU
		{A2E4E9C9-73C8-46B1-AF12-DA86732F22F9}.Debug|Any CPU.ActiveCfg = Debug|Any CPU
		{A2E4E9C9-73C8-46B1-AF12-DA86732F22F9}.Debug|Any CPU.Build.0 = Debug|Any CPU
		{A2E4E9C9-73C8-46B1-AF12-DA86732F22F9}.Release|Any CPU.ActiveCfg = Release|Any CPU
		{A2E4E9C9-73C8-46B1-AF12-DA86732F22F9}.Release|Any CPU.Build.0 = Release|Any CPU
		{6C0EF3EB-1C48-442C-8A5D-1577DA3601C5}.Debug|Any CPU.ActiveCfg = Debug|Any CPU
		{6C0EF3EB-1C48-442C-8A5D-1577DA3601C5}.Debug|Any CPU.Build.0 = Debug|Any CPU
		{6C0EF3EB-1C48-442C-8A5D-1577DA3601C5}.Release|Any CPU.ActiveCfg = Release|Any CPU
		{6C0EF3EB-1C48-442C-8A5D-1577DA3601C5}.Release|Any CPU.Build.0 = Release|Any CPU
		{7BE3F6FE-3764-4E4E-B005-85403B3BD8FC}.Debug|Any CPU.ActiveCfg = Debug|Any CPU
		{7BE3F6FE-3764-4E4E-B005-85403B3BD8FC}.Debug|Any CPU.Build.0 = Debug|Any CPU
		{7BE3F6FE-3764-4E4E-B005-85403B3BD8FC}.Release|Any CPU.ActiveCfg = Release|Any CPU
		{7BE3F6FE-3764-4E4E-B005-85403B3BD8FC}.Release|Any CPU.Build.0 = Release|Any CPU
		{ED20CD4A-2B43-4E74-B2F4-98F55620BB42}.Debug|Any CPU.ActiveCfg = Debug|Any CPU
		{ED20CD4A-2B43-4E74-B2F4-98F55620BB42}.Debug|Any CPU.Build.0 = Debug|Any CPU
		{ED20CD4A-2B43-4E74-B2F4-98F55620BB42}.Release|Any CPU.ActiveCfg = Release|Any CPU
		{ED20CD4A-2B43-4E74-B2F4-98F55620BB42}.Release|Any CPU.Build.0 = Release|Any CPU
		{AE9632AF-36B5-45C1-A045-C49DBB1407D8}.Debug|Any CPU.ActiveCfg = Debug|Any CPU
		{AE9632AF-36B5-45C1-A045-C49DBB1407D8}.Debug|Any CPU.Build.0 = Debug|Any CPU
		{AE9632AF-36B5-45C1-A045-C49DBB1407D8}.Release|Any CPU.ActiveCfg = Release|Any CPU
		{AE9632AF-36B5-45C1-A045-C49DBB1407D8}.Release|Any CPU.Build.0 = Release|Any CPU
	EndGlobalSection
	GlobalSection(SolutionProperties) = preSolution
		HideSolutionNode = FALSE
	EndGlobalSection
	GlobalSection(NestedProjects) = preSolution
		{3A5F794C-DCF4-47B4-AB28-4385E2994ABE} = {1E802562-95AE-4732-B6D8-3D68C8800B88}
		{97F65455-F8A2-44E6-956A-AEF8DE945885} = {1E802562-95AE-4732-B6D8-3D68C8800B88}
		{E4EA313E-74CD-44CA-A474-DD7B73604E0D} = {AA9BD6AE-C736-41D4-8E2F-7E810871508D}
		{D3C9354E-2774-4B1B-8657-D76D74621CCE} = {1E802562-95AE-4732-B6D8-3D68C8800B88}
		{1A5A85F9-8C29-4487-B36A-AAE3B4066E49} = {AA9BD6AE-C736-41D4-8E2F-7E810871508D}
		{A2E4E9C9-73C8-46B1-AF12-DA86732F22F9} = {AA9BD6AE-C736-41D4-8E2F-7E810871508D}
		{6C0EF3EB-1C48-442C-8A5D-1577DA3601C5} = {D907A49E-85B0-4CAC-B814-A6225B5A37CE}
		{7BE3F6FE-3764-4E4E-B005-85403B3BD8FC} = {D727C196-6F4D-4C26-8CC2-6E856CD413AB}
		{ED20CD4A-2B43-4E74-B2F4-98F55620BB42} = {AA9BD6AE-C736-41D4-8E2F-7E810871508D}
		{AE9632AF-36B5-45C1-A045-C49DBB1407D8} = {AA9BD6AE-C736-41D4-8E2F-7E810871508D}
	EndGlobalSection
	GlobalSection(ExtensibilityGlobals) = postSolution
		SolutionGuid = {9F58C0A7-3F17-44EF-9447-805E01C2D8DE}
	EndGlobalSection
EndGlobal
